
Microsoft Visual Studio Solution File, Format Version 12.00
# Visual Studio Version 16
VisualStudioVersion = 16.0.28922.388
MinimumVisualStudioVersion = 10.0.40219.1
Project("{FAE04EC0-301F-11D3-BF4B-00C04F79EFBC}") = "FloatingActionButton.UWP", "FloatingActionButton\FloatingActionButton.UWP\FloatingActionButton.UWP.csproj", "{9E9898D3-DC57-4D85-AC82-134BE4C2BC64}"
EndProject
Project("{FAE04EC0-301F-11D3-BF4B-00C04F79EFBC}") = "FloatingActionButton.Android", "FloatingActionButton\FloatingActionButton.Android\FloatingActionButton.Android.csproj", "{2F5B80CF-8D06-4843-9C98-AC45D51DAD63}"
EndProject
Project("{FAE04EC0-301F-11D3-BF4B-00C04F79EFBC}") = "FloatingActionButton.iOS", "FloatingActionButton\FloatingActionButton.iOS\FloatingActionButton.iOS.csproj", "{154715EC-D836-43E3-9CE8-40CAB8874228}"
EndProject
Project("{FAE04EC0-301F-11D3-BF4B-00C04F79EFBC}") = "FloatingActionButton", "FloatingActionButton\FloatingActionButton\FloatingActionButton.csproj", "{8C3684D6-E680-454F-845E-EEEA3DD86A99}"
EndProject
Global
	GlobalSection(SolutionConfigurationPlatforms) = preSolution
		Debug|Any CPU = Debug|Any CPU
		Debug|ARM = Debug|ARM
		Debug|iPhone = Debug|iPhone
		Debug|iPhoneSimulator = Debug|iPhoneSimulator
		Debug|x64 = Debug|x64
		Debug|x86 = Debug|x86
		Release|Any CPU = Release|Any CPU
		Release|ARM = Release|ARM
		Release|iPhone = Release|iPhone
		Release|iPhoneSimulator = Release|iPhoneSimulator
		Release|x64 = Release|x64
		Release|x86 = Release|x86
	EndGlobalSection
	GlobalSection(ProjectConfigurationPlatforms) = postSolution
		{9E9898D3-DC57-4D85-AC82-134BE4C2BC64}.Debug|Any CPU.ActiveCfg = Debug|x86
		{9E9898D3-DC57-4D85-AC82-134BE4C2BC64}.Debug|Any CPU.Build.0 = Debug|x86
		{9E9898D3-DC57-4D85-AC82-134BE4C2BC64}.Debug|Any CPU.Deploy.0 = Debug|x86
		{9E9898D3-DC57-4D85-AC82-134BE4C2BC64}.Debug|ARM.ActiveCfg = Debug|ARM
		{9E9898D3-DC57-4D85-AC82-134BE4C2BC64}.Debug|ARM.Build.0 = Debug|ARM
		{9E9898D3-DC57-4D85-AC82-134BE4C2BC64}.Debug|ARM.Deploy.0 = Debug|ARM
		{9E9898D3-DC57-4D85-AC82-134BE4C2BC64}.Debug|iPhone.ActiveCfg = Debug|x86
		{9E9898D3-DC57-4D85-AC82-134BE4C2BC64}.Debug|iPhone.Build.0 = Debug|x86
		{9E9898D3-DC57-4D85-AC82-134BE4C2BC64}.Debug|iPhone.Deploy.0 = Debug|x86
		{9E9898D3-DC57-4D85-AC82-134BE4C2BC64}.Debug|iPhoneSimulator.ActiveCfg = Debug|x86
		{9E9898D3-DC57-4D85-AC82-134BE4C2BC64}.Debug|iPhoneSimulator.Build.0 = Debug|x86
		{9E9898D3-DC57-4D85-AC82-134BE4C2BC64}.Debug|iPhoneSimulator.Deploy.0 = Debug|x86
		{9E9898D3-DC57-4D85-AC82-134BE4C2BC64}.Debug|x64.ActiveCfg = Debug|x64
		{9E9898D3-DC57-4D85-AC82-134BE4C2BC64}.Debug|x64.Build.0 = Debug|x64
		{9E9898D3-DC57-4D85-AC82-134BE4C2BC64}.Debug|x64.Deploy.0 = Debug|x64
		{9E9898D3-DC57-4D85-AC82-134BE4C2BC64}.Debug|x86.ActiveCfg = Debug|x86
		{9E9898D3-DC57-4D85-AC82-134BE4C2BC64}.Debug|x86.Build.0 = Debug|x86
		{9E9898D3-DC57-4D85-AC82-134BE4C2BC64}.Debug|x86.Deploy.0 = Debug|x86
		{9E9898D3-DC57-4D85-AC82-134BE4C2BC64}.Release|Any CPU.ActiveCfg = Release|x86
		{9E9898D3-DC57-4D85-AC82-134BE4C2BC64}.Release|Any CPU.Build.0 = Release|x86
		{9E9898D3-DC57-4D85-AC82-134BE4C2BC64}.Release|Any CPU.Deploy.0 = Release|x86
		{9E9898D3-DC57-4D85-AC82-134BE4C2BC64}.Release|ARM.ActiveCfg = Release|ARM
		{9E9898D3-DC57-4D85-AC82-134BE4C2BC64}.Release|ARM.Build.0 = Release|ARM
		{9E9898D3-DC57-4D85-AC82-134BE4C2BC64}.Release|ARM.Deploy.0 = Release|ARM
		{9E9898D3-DC57-4D85-AC82-134BE4C2BC64}.Release|iPhone.ActiveCfg = Release|x86
		{9E9898D3-DC57-4D85-AC82-134BE4C2BC64}.Release|iPhone.Build.0 = Release|x86
		{9E9898D3-DC57-4D85-AC82-134BE4C2BC64}.Release|iPhone.Deploy.0 = Release|x86
		{9E9898D3-DC57-4D85-AC82-134BE4C2BC64}.Release|iPhoneSimulator.ActiveCfg = Release|x86
		{9E9898D3-DC57-4D85-AC82-134BE4C2BC64}.Release|iPhoneSimulator.Build.0 = Release|x86
		{9E9898D3-DC57-4D85-AC82-134BE4C2BC64}.Release|iPhoneSimulator.Deploy.0 = Release|x86
		{9E9898D3-DC57-4D85-AC82-134BE4C2BC64}.Release|x64.ActiveCfg = Release|x64
		{9E9898D3-DC57-4D85-AC82-134BE4C2BC64}.Release|x64.Build.0 = Release|x64
		{9E9898D3-DC57-4D85-AC82-134BE4C2BC64}.Release|x64.Deploy.0 = Release|x64
		{9E9898D3-DC57-4D85-AC82-134BE4C2BC64}.Release|x86.ActiveCfg = Release|x86
		{9E9898D3-DC57-4D85-AC82-134BE4C2BC64}.Release|x86.Build.0 = Release|x86
		{9E9898D3-DC57-4D85-AC82-134BE4C2BC64}.Release|x86.Deploy.0 = Release|x86
		{2F5B80CF-8D06-4843-9C98-AC45D51DAD63}.Debug|Any CPU.ActiveCfg = Debug|Any CPU
		{2F5B80CF-8D06-4843-9C98-AC45D51DAD63}.Debug|Any CPU.Build.0 = Debug|Any CPU
		{2F5B80CF-8D06-4843-9C98-AC45D51DAD63}.Debug|Any CPU.Deploy.0 = Debug|Any CPU
		{2F5B80CF-8D06-4843-9C98-AC45D51DAD63}.Debug|ARM.ActiveCfg = Debug|Any CPU
		{2F5B80CF-8D06-4843-9C98-AC45D51DAD63}.Debug|ARM.Build.0 = Debug|Any CPU
		{2F5B80CF-8D06-4843-9C98-AC45D51DAD63}.Debug|ARM.Deploy.0 = Debug|Any CPU
		{2F5B80CF-8D06-4843-9C98-AC45D51DAD63}.Debug|iPhone.ActiveCfg = Debug|Any CPU
		{2F5B80CF-8D06-4843-9C98-AC45D51DAD63}.Debug|iPhone.Build.0 = Debug|Any CPU
		{2F5B80CF-8D06-4843-9C98-AC45D51DAD63}.Debug|iPhone.Deploy.0 = Debug|Any CPU
		{2F5B80CF-8D06-4843-9C98-AC45D51DAD63}.Debug|iPhoneSimulator.ActiveCfg = Debug|Any CPU
		{2F5B80CF-8D06-4843-9C98-AC45D51DAD63}.Debug|iPhoneSimulator.Build.0 = Debug|Any CPU
		{2F5B80CF-8D06-4843-9C98-AC45D51DAD63}.Debug|iPhoneSimulator.Deploy.0 = Debug|Any CPU
		{2F5B80CF-8D06-4843-9C98-AC45D51DAD63}.Debug|x64.ActiveCfg = Debug|Any CPU
		{2F5B80CF-8D06-4843-9C98-AC45D51DAD63}.Debug|x64.Build.0 = Debug|Any CPU
		{2F5B80CF-8D06-4843-9C98-AC45D51DAD63}.Debug|x64.Deploy.0 = Debug|Any CPU
		{2F5B80CF-8D06-4843-9C98-AC45D51DAD63}.Debug|x86.ActiveCfg = Debug|Any CPU
		{2F5B80CF-8D06-4843-9C98-AC45D51DAD63}.Debug|x86.Build.0 = Debug|Any CPU
		{2F5B80CF-8D06-4843-9C98-AC45D51DAD63}.Debug|x86.Deploy.0 = Debug|Any CPU
		{2F5B80CF-8D06-4843-9C98-AC45D51DAD63}.Release|Any CPU.ActiveCfg = Release|Any CPU
		{2F5B80CF-8D06-4843-9C98-AC45D51DAD63}.Release|Any CPU.Build.0 = Release|Any CPU
		{2F5B80CF-8D06-4843-9C98-AC45D51DAD63}.Release|Any CPU.Deploy.0 = Release|Any CPU
		{2F5B80CF-8D06-4843-9C98-AC45D51DAD63}.Release|ARM.ActiveCfg = Release|Any CPU
		{2F5B80CF-8D06-4843-9C98-AC45D51DAD63}.Release|ARM.Build.0 = Release|Any CPU
		{2F5B80CF-8D06-4843-9C98-AC45D51DAD63}.Release|ARM.Deploy.0 = Release|Any CPU
		{2F5B80CF-8D06-4843-9C98-AC45D51DAD63}.Release|iPhone.ActiveCfg = Release|Any CPU
		{2F5B80CF-8D06-4843-9C98-AC45D51DAD63}.Release|iPhone.Build.0 = Release|Any CPU
		{2F5B80CF-8D06-4843-9C98-AC45D51DAD63}.Release|iPhone.Deploy.0 = Release|Any CPU
		{2F5B80CF-8D06-4843-9C98-AC45D51DAD63}.Release|iPhoneSimulator.ActiveCfg = Release|Any CPU
		{2F5B80CF-8D06-4843-9C98-AC45D51DAD63}.Release|iPhoneSimulator.Build.0 = Release|Any CPU
		{2F5B80CF-8D06-4843-9C98-AC45D51DAD63}.Release|iPhoneSimulator.Deploy.0 = Release|Any CPU
		{2F5B80CF-8D06-4843-9C98-AC45D51DAD63}.Release|x64.ActiveCfg = Release|Any CPU
		{2F5B80CF-8D06-4843-9C98-AC45D51DAD63}.Release|x64.Build.0 = Release|Any CPU
		{2F5B80CF-8D06-4843-9C98-AC45D51DAD63}.Release|x64.Deploy.0 = Release|Any CPU
		{2F5B80CF-8D06-4843-9C98-AC45D51DAD63}.Release|x86.ActiveCfg = Release|Any CPU
		{2F5B80CF-8D06-4843-9C98-AC45D51DAD63}.Release|x86.Build.0 = Release|Any CPU
		{2F5B80CF-8D06-4843-9C98-AC45D51DAD63}.Release|x86.Deploy.0 = Release|Any CPU
		{154715EC-D836-43E3-9CE8-40CAB8874228}.Debug|Any CPU.ActiveCfg = Debug|iPhone
		{154715EC-D836-43E3-9CE8-40CAB8874228}.Debug|Any CPU.Build.0 = Debug|iPhone
		{154715EC-D836-43E3-9CE8-40CAB8874228}.Debug|Any CPU.Deploy.0 = Debug|iPhone
		{154715EC-D836-43E3-9CE8-40CAB8874228}.Debug|ARM.ActiveCfg = Debug|iPhoneSimulator
		{154715EC-D836-43E3-9CE8-40CAB8874228}.Debug|ARM.Build.0 = Debug|iPhoneSimulator
		{154715EC-D836-43E3-9CE8-40CAB8874228}.Debug|ARM.Deploy.0 = Debug|iPhoneSimulator
		{154715EC-D836-43E3-9CE8-40CAB8874228}.Debug|iPhone.ActiveCfg = Debug|iPhone
		{154715EC-D836-43E3-9CE8-40CAB8874228}.Debug|iPhone.Build.0 = Debug|iPhone
		{154715EC-D836-43E3-9CE8-40CAB8874228}.Debug|iPhone.Deploy.0 = Debug|iPhone
		{154715EC-D836-43E3-9CE8-40CAB8874228}.Debug|iPhoneSimulator.ActiveCfg = Debug|iPhoneSimulator
		{154715EC-D836-43E3-9CE8-40CAB8874228}.Debug|iPhoneSimulator.Build.0 = Debug|iPhoneSimulator
		{154715EC-D836-43E3-9CE8-40CAB8874228}.Debug|iPhoneSimulator.Deploy.0 = Debug|iPhoneSimulator
		{154715EC-D836-43E3-9CE8-40CAB8874228}.Debug|x64.ActiveCfg = Debug|iPhone
		{154715EC-D836-43E3-9CE8-40CAB8874228}.Debug|x64.Build.0 = Debug|iPhone
		{154715EC-D836-43E3-9CE8-40CAB8874228}.Debug|x64.Deploy.0 = Debug|iPhone
		{154715EC-D836-43E3-9CE8-40CAB8874228}.Debug|x86.ActiveCfg = Debug|iPhone
		{154715EC-D836-43E3-9CE8-40CAB8874228}.Debug|x86.Build.0 = Debug|iPhone
		{154715EC-D836-43E3-9CE8-40CAB8874228}.Debug|x86.Deploy.0 = Debug|iPhone
		{154715EC-D836-43E3-9CE8-40CAB8874228}.Release|Any CPU.ActiveCfg = Release|iPhone
		{154715EC-D836-43E3-9CE8-40CAB8874228}.Release|Any CPU.Build.0 = Release|iPhone
		{154715EC-D836-43E3-9CE8-40CAB8874228}.Release|Any CPU.Deploy.0 = Release|iPhone
		{154715EC-D836-43E3-9CE8-40CAB8874228}.Release|ARM.ActiveCfg = Release|iPhone
		{154715EC-D836-43E3-9CE8-40CAB8874228}.Release|ARM.Build.0 = Release|iPhone
		{154715EC-D836-43E3-9CE8-40CAB8874228}.Release|ARM.Deploy.0 = Release|iPhone
		{154715EC-D836-43E3-9CE8-40CAB8874228}.Release|iPhone.ActiveCfg = Release|iPhone
		{154715EC-D836-43E3-9CE8-40CAB8874228}.Release|iPhone.Build.0 = Release|iPhone
		{154715EC-D836-43E3-9CE8-40CAB8874228}.Release|iPhone.Deploy.0 = Release|iPhone
		{154715EC-D836-43E3-9CE8-40CAB8874228}.Release|iPhoneSimulator.ActiveCfg = Release|iPhoneSimulator
		{154715EC-D836-43E3-9CE8-40CAB8874228}.Release|iPhoneSimulator.Build.0 = Release|iPhoneSimulator
		{154715EC-D836-43E3-9CE8-40CAB8874228}.Release|iPhoneSimulator.Deploy.0 = Release|iPhoneSimulator
		{154715EC-D836-43E3-9CE8-40CAB8874228}.Release|x64.ActiveCfg = Release|iPhone
		{154715EC-D836-43E3-9CE8-40CAB8874228}.Release|x64.Build.0 = Release|iPhone
		{154715EC-D836-43E3-9CE8-40CAB8874228}.Release|x64.Deploy.0 = Release|iPhone
		{154715EC-D836-43E3-9CE8-40CAB8874228}.Release|x86.ActiveCfg = Release|iPhone
		{154715EC-D836-43E3-9CE8-40CAB8874228}.Release|x86.Build.0 = Release|iPhone
		{154715EC-D836-43E3-9CE8-40CAB8874228}.Release|x86.Deploy.0 = Release|iPhone
		{8C3684D6-E680-454F-845E-EEEA3DD86A99}.Debug|Any CPU.ActiveCfg = Debug|Any CPU
		{8C3684D6-E680-454F-845E-EEEA3DD86A99}.Debug|Any CPU.Build.0 = Debug|Any CPU
		{8C3684D6-E680-454F-845E-EEEA3DD86A99}.Debug|Any CPU.Deploy.0 = Debug|Any CPU
		{8C3684D6-E680-454F-845E-EEEA3DD86A99}.Debug|ARM.ActiveCfg = Debug|Any CPU
		{8C3684D6-E680-454F-845E-EEEA3DD86A99}.Debug|ARM.Build.0 = Debug|Any CPU
		{8C3684D6-E680-454F-845E-EEEA3DD86A99}.Debug|ARM.Deploy.0 = Debug|Any CPU
		{8C3684D6-E680-454F-845E-EEEA3DD86A99}.Debug|iPhone.ActiveCfg = Debug|Any CPU
		{8C3684D6-E680-454F-845E-EEEA3DD86A99}.Debug|iPhone.Build.0 = Debug|Any CPU
		{8C3684D6-E680-454F-845E-EEEA3DD86A99}.Debug|iPhone.Deploy.0 = Debug|Any CPU
		{8C3684D6-E680-454F-845E-EEEA3DD86A99}.Debug|iPhoneSimulator.ActiveCfg = Debug|Any CPU
		{8C3684D6-E680-454F-845E-EEEA3DD86A99}.Debug|iPhoneSimulator.Build.0 = Debug|Any CPU
		{8C3684D6-E680-454F-845E-EEEA3DD86A99}.Debug|iPhoneSimulator.Deploy.0 = Debug|Any CPU
		{8C3684D6-E680-454F-845E-EEEA3DD86A99}.Debug|x64.ActiveCfg = Debug|Any CPU
		{8C3684D6-E680-454F-845E-EEEA3DD86A99}.Debug|x64.Build.0 = Debug|Any CPU
		{8C3684D6-E680-454F-845E-EEEA3DD86A99}.Debug|x64.Deploy.0 = Debug|Any CPU
		{8C3684D6-E680-454F-845E-EEEA3DD86A99}.Debug|x86.ActiveCfg = Debug|Any CPU
		{8C3684D6-E680-454F-845E-EEEA3DD86A99}.Debug|x86.Build.0 = Debug|Any CPU
		{8C3684D6-E680-454F-845E-EEEA3DD86A99}.Debug|x86.Deploy.0 = Debug|Any CPU
		{8C3684D6-E680-454F-845E-EEEA3DD86A99}.Release|Any CPU.ActiveCfg = Release|Any CPU
		{8C3684D6-E680-454F-845E-EEEA3DD86A99}.Release|Any CPU.Build.0 = Release|Any CPU
		{8C3684D6-E680-454F-845E-EEEA3DD86A99}.Release|Any CPU.Deploy.0 = Release|Any CPU
		{8C3684D6-E680-454F-845E-EEEA3DD86A99}.Release|ARM.ActiveCfg = Release|Any CPU
		{8C3684D6-E680-454F-845E-EEEA3DD86A99}.Release|ARM.Build.0 = Release|Any CPU
		{8C3684D6-E680-454F-845E-EEEA3DD86A99}.Release|ARM.Deploy.0 = Release|Any CPU
		{8C3684D6-E680-454F-845E-EEEA3DD86A99}.Release|iPhone.ActiveCfg = Release|Any CPU
		{8C3684D6-E680-454F-845E-EEEA3DD86A99}.Release|iPhone.Build.0 = Release|Any CPU
		{8C3684D6-E680-454F-845E-EEEA3DD86A99}.Release|iPhone.Deploy.0 = Release|Any CPU
		{8C3684D6-E680-454F-845E-EEEA3DD86A99}.Release|iPhoneSimulator.ActiveCfg = Release|Any CPU
		{8C3684D6-E680-454F-845E-EEEA3DD86A99}.Release|iPhoneSimulator.Build.0 = Release|Any CPU
		{8C3684D6-E680-454F-845E-EEEA3DD86A99}.Release|iPhoneSimulator.Deploy.0 = Release|Any CPU
		{8C3684D6-E680-454F-845E-EEEA3DD86A99}.Release|x64.ActiveCfg = Release|Any CPU
		{8C3684D6-E680-454F-845E-EEEA3DD86A99}.Release|x64.Build.0 = Release|Any CPU
		{8C3684D6-E680-454F-845E-EEEA3DD86A99}.Release|x64.Deploy.0 = Release|Any CPU
		{8C3684D6-E680-454F-845E-EEEA3DD86A99}.Release|x86.ActiveCfg = Release|Any CPU
		{8C3684D6-E680-454F-845E-EEEA3DD86A99}.Release|x86.Build.0 = Release|Any CPU
		{8C3684D6-E680-454F-845E-EEEA3DD86A99}.Release|x86.Deploy.0 = Release|Any CPU
	EndGlobalSection
	GlobalSection(SolutionProperties) = preSolution
		HideSolutionNode = FALSE
	EndGlobalSection
	GlobalSection(ExtensibilityGlobals) = postSolution
		SolutionGuid = {85818DB9-568B-4CE8-BE92-4CDA78F2B847}
	EndGlobalSection
EndGlobal
