
Microsoft Visual Studio Solution File, Format Version 12.00
# Visual Studio Version 16
VisualStudioVersion = 16.0.28922.388
MinimumVisualStudioVersion = 10.0.40219.1
Project("{FAE04EC0-301F-11D3-BF4B-00C04F79EFBC}") = "RadioButton.UWP", "RadioButton\RadioButton.UWP\RadioButton.UWP.csproj", "{BE15B41A-F52A-47BF-9318-FDAC6DA65189}"
EndProject
Project("{FAE04EC0-301F-11D3-BF4B-00C04F79EFBC}") = "RadioButton.Android", "RadioButton\RadioButton.Android\RadioButton.Android.csproj", "{CF19B28D-8C64-4679-9A73-6D86A3CA2EE5}"
EndProject
Project("{FAE04EC0-301F-11D3-BF4B-00C04F79EFBC}") = "RadioButton.iOS", "RadioButton\RadioButton.iOS\RadioButton.iOS.csproj", "{57F7F285-D99C-450D-A8B3-BD992ABCD736}"
EndProject
Project("{FAE04EC0-301F-11D3-BF4B-00C04F79EFBC}") = "RadioButton", "RadioButton\RadioButton\RadioButton.csproj", "{114CE6B5-CC95-4F72-817E-D65248FDF2DC}"
EndProject
Global
	GlobalSection(SolutionConfigurationPlatforms) = preSolution
		Debug|Any CPU = Debug|Any CPU
		Debug|ARM = Debug|ARM
		Debug|iPhone = Debug|iPhone
		Debug|iPhoneSimulator = Debug|iPhoneSimulator
		Debug|x64 = Debug|x64
		Debug|x86 = Debug|x86
		Release|Any CPU = Release|Any CPU
		Release|ARM = Release|ARM
		Release|iPhone = Release|iPhone
		Release|iPhoneSimulator = Release|iPhoneSimulator
		Release|x64 = Release|x64
		Release|x86 = Release|x86
	EndGlobalSection
	GlobalSection(ProjectConfigurationPlatforms) = postSolution
		{BE15B41A-F52A-47BF-9318-FDAC6DA65189}.Debug|Any CPU.ActiveCfg = Debug|x86
		{BE15B41A-F52A-47BF-9318-FDAC6DA65189}.Debug|Any CPU.Build.0 = Debug|x86
		{BE15B41A-F52A-47BF-9318-FDAC6DA65189}.Debug|Any CPU.Deploy.0 = Debug|x86
		{BE15B41A-F52A-47BF-9318-FDAC6DA65189}.Debug|ARM.ActiveCfg = Debug|ARM
		{BE15B41A-F52A-47BF-9318-FDAC6DA65189}.Debug|ARM.Build.0 = Debug|ARM
		{BE15B41A-F52A-47BF-9318-FDAC6DA65189}.Debug|ARM.Deploy.0 = Debug|ARM
		{BE15B41A-F52A-47BF-9318-FDAC6DA65189}.Debug|iPhone.ActiveCfg = Debug|x86
		{BE15B41A-F52A-47BF-9318-FDAC6DA65189}.Debug|iPhone.Build.0 = Debug|x86
		{BE15B41A-F52A-47BF-9318-FDAC6DA65189}.Debug|iPhone.Deploy.0 = Debug|x86
		{BE15B41A-F52A-47BF-9318-FDAC6DA65189}.Debug|iPhoneSimulator.ActiveCfg = Debug|x86
		{BE15B41A-F52A-47BF-9318-FDAC6DA65189}.Debug|iPhoneSimulator.Build.0 = Debug|x86
		{BE15B41A-F52A-47BF-9318-FDAC6DA65189}.Debug|iPhoneSimulator.Deploy.0 = Debug|x86
		{BE15B41A-F52A-47BF-9318-FDAC6DA65189}.Debug|x64.ActiveCfg = Debug|x64
		{BE15B41A-F52A-47BF-9318-FDAC6DA65189}.Debug|x64.Build.0 = Debug|x64
		{BE15B41A-F52A-47BF-9318-FDAC6DA65189}.Debug|x64.Deploy.0 = Debug|x64
		{BE15B41A-F52A-47BF-9318-FDAC6DA65189}.Debug|x86.ActiveCfg = Debug|x86
		{BE15B41A-F52A-47BF-9318-FDAC6DA65189}.Debug|x86.Build.0 = Debug|x86
		{BE15B41A-F52A-47BF-9318-FDAC6DA65189}.Debug|x86.Deploy.0 = Debug|x86
		{BE15B41A-F52A-47BF-9318-FDAC6DA65189}.Release|Any CPU.ActiveCfg = Release|x86
		{BE15B41A-F52A-47BF-9318-FDAC6DA65189}.Release|Any CPU.Build.0 = Release|x86
		{BE15B41A-F52A-47BF-9318-FDAC6DA65189}.Release|Any CPU.Deploy.0 = Release|x86
		{BE15B41A-F52A-47BF-9318-FDAC6DA65189}.Release|ARM.ActiveCfg = Release|ARM
		{BE15B41A-F52A-47BF-9318-FDAC6DA65189}.Release|ARM.Build.0 = Release|ARM
		{BE15B41A-F52A-47BF-9318-FDAC6DA65189}.Release|ARM.Deploy.0 = Release|ARM
		{BE15B41A-F52A-47BF-9318-FDAC6DA65189}.Release|iPhone.ActiveCfg = Release|x86
		{BE15B41A-F52A-47BF-9318-FDAC6DA65189}.Release|iPhone.Build.0 = Release|x86
		{BE15B41A-F52A-47BF-9318-FDAC6DA65189}.Release|iPhone.Deploy.0 = Release|x86
		{BE15B41A-F52A-47BF-9318-FDAC6DA65189}.Release|iPhoneSimulator.ActiveCfg = Release|x86
		{BE15B41A-F52A-47BF-9318-FDAC6DA65189}.Release|iPhoneSimulator.Build.0 = Release|x86
		{BE15B41A-F52A-47BF-9318-FDAC6DA65189}.Release|iPhoneSimulator.Deploy.0 = Release|x86
		{BE15B41A-F52A-47BF-9318-FDAC6DA65189}.Release|x64.ActiveCfg = Release|x64
		{BE15B41A-F52A-47BF-9318-FDAC6DA65189}.Release|x64.Build.0 = Release|x64
		{BE15B41A-F52A-47BF-9318-FDAC6DA65189}.Release|x64.Deploy.0 = Release|x64
		{BE15B41A-F52A-47BF-9318-FDAC6DA65189}.Release|x86.ActiveCfg = Release|x86
		{BE15B41A-F52A-47BF-9318-FDAC6DA65189}.Release|x86.Build.0 = Release|x86
		{BE15B41A-F52A-47BF-9318-FDAC6DA65189}.Release|x86.Deploy.0 = Release|x86
		{CF19B28D-8C64-4679-9A73-6D86A3CA2EE5}.Debug|Any CPU.ActiveCfg = Debug|Any CPU
		{CF19B28D-8C64-4679-9A73-6D86A3CA2EE5}.Debug|Any CPU.Build.0 = Debug|Any CPU
		{CF19B28D-8C64-4679-9A73-6D86A3CA2EE5}.Debug|Any CPU.Deploy.0 = Debug|Any CPU
		{CF19B28D-8C64-4679-9A73-6D86A3CA2EE5}.Debug|ARM.ActiveCfg = Debug|Any CPU
		{CF19B28D-8C64-4679-9A73-6D86A3CA2EE5}.Debug|ARM.Build.0 = Debug|Any CPU
		{CF19B28D-8C64-4679-9A73-6D86A3CA2EE5}.Debug|ARM.Deploy.0 = Debug|Any CPU
		{CF19B28D-8C64-4679-9A73-6D86A3CA2EE5}.Debug|iPhone.ActiveCfg = Debug|Any CPU
		{CF19B28D-8C64-4679-9A73-6D86A3CA2EE5}.Debug|iPhone.Build.0 = Debug|Any CPU
		{CF19B28D-8C64-4679-9A73-6D86A3CA2EE5}.Debug|iPhone.Deploy.0 = Debug|Any CPU
		{CF19B28D-8C64-4679-9A73-6D86A3CA2EE5}.Debug|iPhoneSimulator.ActiveCfg = Debug|Any CPU
		{CF19B28D-8C64-4679-9A73-6D86A3CA2EE5}.Debug|iPhoneSimulator.Build.0 = Debug|Any CPU
		{CF19B28D-8C64-4679-9A73-6D86A3CA2EE5}.Debug|iPhoneSimulator.Deploy.0 = Debug|Any CPU
		{CF19B28D-8C64-4679-9A73-6D86A3CA2EE5}.Debug|x64.ActiveCfg = Debug|Any CPU
		{CF19B28D-8C64-4679-9A73-6D86A3CA2EE5}.Debug|x64.Build.0 = Debug|Any CPU
		{CF19B28D-8C64-4679-9A73-6D86A3CA2EE5}.Debug|x64.Deploy.0 = Debug|Any CPU
		{CF19B28D-8C64-4679-9A73-6D86A3CA2EE5}.Debug|x86.ActiveCfg = Debug|Any CPU
		{CF19B28D-8C64-4679-9A73-6D86A3CA2EE5}.Debug|x86.Build.0 = Debug|Any CPU
		{CF19B28D-8C64-4679-9A73-6D86A3CA2EE5}.Debug|x86.Deploy.0 = Debug|Any CPU
		{CF19B28D-8C64-4679-9A73-6D86A3CA2EE5}.Release|Any CPU.ActiveCfg = Release|Any CPU
		{CF19B28D-8C64-4679-9A73-6D86A3CA2EE5}.Release|Any CPU.Build.0 = Release|Any CPU
		{CF19B28D-8C64-4679-9A73-6D86A3CA2EE5}.Release|Any CPU.Deploy.0 = Release|Any CPU
		{CF19B28D-8C64-4679-9A73-6D86A3CA2EE5}.Release|ARM.ActiveCfg = Release|Any CPU
		{CF19B28D-8C64-4679-9A73-6D86A3CA2EE5}.Release|ARM.Build.0 = Release|Any CPU
		{CF19B28D-8C64-4679-9A73-6D86A3CA2EE5}.Release|ARM.Deploy.0 = Release|Any CPU
		{CF19B28D-8C64-4679-9A73-6D86A3CA2EE5}.Release|iPhone.ActiveCfg = Release|Any CPU
		{CF19B28D-8C64-4679-9A73-6D86A3CA2EE5}.Release|iPhone.Build.0 = Release|Any CPU
		{CF19B28D-8C64-4679-9A73-6D86A3CA2EE5}.Release|iPhone.Deploy.0 = Release|Any CPU
		{CF19B28D-8C64-4679-9A73-6D86A3CA2EE5}.Release|iPhoneSimulator.ActiveCfg = Release|Any CPU
		{CF19B28D-8C64-4679-9A73-6D86A3CA2EE5}.Release|iPhoneSimulator.Build.0 = Release|Any CPU
		{CF19B28D-8C64-4679-9A73-6D86A3CA2EE5}.Release|iPhoneSimulator.Deploy.0 = Release|Any CPU
		{CF19B28D-8C64-4679-9A73-6D86A3CA2EE5}.Release|x64.ActiveCfg = Release|Any CPU
		{CF19B28D-8C64-4679-9A73-6D86A3CA2EE5}.Release|x64.Build.0 = Release|Any CPU
		{CF19B28D-8C64-4679-9A73-6D86A3CA2EE5}.Release|x64.Deploy.0 = Release|Any CPU
		{CF19B28D-8C64-4679-9A73-6D86A3CA2EE5}.Release|x86.ActiveCfg = Release|Any CPU
		{CF19B28D-8C64-4679-9A73-6D86A3CA2EE5}.Release|x86.Build.0 = Release|Any CPU
		{CF19B28D-8C64-4679-9A73-6D86A3CA2EE5}.Release|x86.Deploy.0 = Release|Any CPU
		{57F7F285-D99C-450D-A8B3-BD992ABCD736}.Debug|Any CPU.ActiveCfg = Debug|iPhone
		{57F7F285-D99C-450D-A8B3-BD992ABCD736}.Debug|Any CPU.Build.0 = Debug|iPhone
		{57F7F285-D99C-450D-A8B3-BD992ABCD736}.Debug|Any CPU.Deploy.0 = Debug|iPhone
		{57F7F285-D99C-450D-A8B3-BD992ABCD736}.Debug|ARM.ActiveCfg = Debug|iPhoneSimulator
		{57F7F285-D99C-450D-A8B3-BD992ABCD736}.Debug|ARM.Build.0 = Debug|iPhoneSimulator
		{57F7F285-D99C-450D-A8B3-BD992ABCD736}.Debug|ARM.Deploy.0 = Debug|iPhoneSimulator
		{57F7F285-D99C-450D-A8B3-BD992ABCD736}.Debug|iPhone.ActiveCfg = Debug|iPhone
		{57F7F285-D99C-450D-A8B3-BD992ABCD736}.Debug|iPhone.Build.0 = Debug|iPhone
		{57F7F285-D99C-450D-A8B3-BD992ABCD736}.Debug|iPhone.Deploy.0 = Debug|iPhone
		{57F7F285-D99C-450D-A8B3-BD992ABCD736}.Debug|iPhoneSimulator.ActiveCfg = Debug|iPhoneSimulator
		{57F7F285-D99C-450D-A8B3-BD992ABCD736}.Debug|iPhoneSimulator.Build.0 = Debug|iPhoneSimulator
		{57F7F285-D99C-450D-A8B3-BD992ABCD736}.Debug|iPhoneSimulator.Deploy.0 = Debug|iPhoneSimulator
		{57F7F285-D99C-450D-A8B3-BD992ABCD736}.Debug|x64.ActiveCfg = Debug|iPhone
		{57F7F285-D99C-450D-A8B3-BD992ABCD736}.Debug|x64.Build.0 = Debug|iPhone
		{57F7F285-D99C-450D-A8B3-BD992ABCD736}.Debug|x64.Deploy.0 = Debug|iPhone
		{57F7F285-D99C-450D-A8B3-BD992ABCD736}.Debug|x86.ActiveCfg = Debug|iPhone
		{57F7F285-D99C-450D-A8B3-BD992ABCD736}.Debug|x86.Build.0 = Debug|iPhone
		{57F7F285-D99C-450D-A8B3-BD992ABCD736}.Debug|x86.Deploy.0 = Debug|iPhone
		{57F7F285-D99C-450D-A8B3-BD992ABCD736}.Release|Any CPU.ActiveCfg = Release|iPhone
		{57F7F285-D99C-450D-A8B3-BD992ABCD736}.Release|Any CPU.Build.0 = Release|iPhone
		{57F7F285-D99C-450D-A8B3-BD992ABCD736}.Release|Any CPU.Deploy.0 = Release|iPhone
		{57F7F285-D99C-450D-A8B3-BD992ABCD736}.Release|ARM.ActiveCfg = Release|iPhone
		{57F7F285-D99C-450D-A8B3-BD992ABCD736}.Release|ARM.Build.0 = Release|iPhone
		{57F7F285-D99C-450D-A8B3-BD992ABCD736}.Release|ARM.Deploy.0 = Release|iPhone
		{57F7F285-D99C-450D-A8B3-BD992ABCD736}.Release|iPhone.ActiveCfg = Release|iPhone
		{57F7F285-D99C-450D-A8B3-BD992ABCD736}.Release|iPhone.Build.0 = Release|iPhone
		{57F7F285-D99C-450D-A8B3-BD992ABCD736}.Release|iPhone.Deploy.0 = Release|iPhone
		{57F7F285-D99C-450D-A8B3-BD992ABCD736}.Release|iPhoneSimulator.ActiveCfg = Release|iPhoneSimulator
		{57F7F285-D99C-450D-A8B3-BD992ABCD736}.Release|iPhoneSimulator.Build.0 = Release|iPhoneSimulator
		{57F7F285-D99C-450D-A8B3-BD992ABCD736}.Release|iPhoneSimulator.Deploy.0 = Release|iPhoneSimulator
		{57F7F285-D99C-450D-A8B3-BD992ABCD736}.Release|x64.ActiveCfg = Release|iPhone
		{57F7F285-D99C-450D-A8B3-BD992ABCD736}.Release|x64.Build.0 = Release|iPhone
		{57F7F285-D99C-450D-A8B3-BD992ABCD736}.Release|x64.Deploy.0 = Release|iPhone
		{57F7F285-D99C-450D-A8B3-BD992ABCD736}.Release|x86.ActiveCfg = Release|iPhone
		{57F7F285-D99C-450D-A8B3-BD992ABCD736}.Release|x86.Build.0 = Release|iPhone
		{57F7F285-D99C-450D-A8B3-BD992ABCD736}.Release|x86.Deploy.0 = Release|iPhone
		{114CE6B5-CC95-4F72-817E-D65248FDF2DC}.Debug|Any CPU.ActiveCfg = Debug|Any CPU
		{114CE6B5-CC95-4F72-817E-D65248FDF2DC}.Debug|Any CPU.Build.0 = Debug|Any CPU
		{114CE6B5-CC95-4F72-817E-D65248FDF2DC}.Debug|Any CPU.Deploy.0 = Debug|Any CPU
		{114CE6B5-CC95-4F72-817E-D65248FDF2DC}.Debug|ARM.ActiveCfg = Debug|Any CPU
		{114CE6B5-CC95-4F72-817E-D65248FDF2DC}.Debug|ARM.Build.0 = Debug|Any CPU
		{114CE6B5-CC95-4F72-817E-D65248FDF2DC}.Debug|ARM.Deploy.0 = Debug|Any CPU
		{114CE6B5-CC95-4F72-817E-D65248FDF2DC}.Debug|iPhone.ActiveCfg = Debug|Any CPU
		{114CE6B5-CC95-4F72-817E-D65248FDF2DC}.Debug|iPhone.Build.0 = Debug|Any CPU
		{114CE6B5-CC95-4F72-817E-D65248FDF2DC}.Debug|iPhone.Deploy.0 = Debug|Any CPU
		{114CE6B5-CC95-4F72-817E-D65248FDF2DC}.Debug|iPhoneSimulator.ActiveCfg = Debug|Any CPU
		{114CE6B5-CC95-4F72-817E-D65248FDF2DC}.Debug|iPhoneSimulator.Build.0 = Debug|Any CPU
		{114CE6B5-CC95-4F72-817E-D65248FDF2DC}.Debug|iPhoneSimulator.Deploy.0 = Debug|Any CPU
		{114CE6B5-CC95-4F72-817E-D65248FDF2DC}.Debug|x64.ActiveCfg = Debug|Any CPU
		{114CE6B5-CC95-4F72-817E-D65248FDF2DC}.Debug|x64.Build.0 = Debug|Any CPU
		{114CE6B5-CC95-4F72-817E-D65248FDF2DC}.Debug|x64.Deploy.0 = Debug|Any CPU
		{114CE6B5-CC95-4F72-817E-D65248FDF2DC}.Debug|x86.ActiveCfg = Debug|Any CPU
		{114CE6B5-CC95-4F72-817E-D65248FDF2DC}.Debug|x86.Build.0 = Debug|Any CPU
		{114CE6B5-CC95-4F72-817E-D65248FDF2DC}.Debug|x86.Deploy.0 = Debug|Any CPU
		{114CE6B5-CC95-4F72-817E-D65248FDF2DC}.Release|Any CPU.ActiveCfg = Release|Any CPU
		{114CE6B5-CC95-4F72-817E-D65248FDF2DC}.Release|Any CPU.Build.0 = Release|Any CPU
		{114CE6B5-CC95-4F72-817E-D65248FDF2DC}.Release|Any CPU.Deploy.0 = Release|Any CPU
		{114CE6B5-CC95-4F72-817E-D65248FDF2DC}.Release|ARM.ActiveCfg = Release|Any CPU
		{114CE6B5-CC95-4F72-817E-D65248FDF2DC}.Release|ARM.Build.0 = Release|Any CPU
		{114CE6B5-CC95-4F72-817E-D65248FDF2DC}.Release|ARM.Deploy.0 = Release|Any CPU
		{114CE6B5-CC95-4F72-817E-D65248FDF2DC}.Release|iPhone.ActiveCfg = Release|Any CPU
		{114CE6B5-CC95-4F72-817E-D65248FDF2DC}.Release|iPhone.Build.0 = Release|Any CPU
		{114CE6B5-CC95-4F72-817E-D65248FDF2DC}.Release|iPhone.Deploy.0 = Release|Any CPU
		{114CE6B5-CC95-4F72-817E-D65248FDF2DC}.Release|iPhoneSimulator.ActiveCfg = Release|Any CPU
		{114CE6B5-CC95-4F72-817E-D65248FDF2DC}.Release|iPhoneSimulator.Build.0 = Release|Any CPU
		{114CE6B5-CC95-4F72-817E-D65248FDF2DC}.Release|iPhoneSimulator.Deploy.0 = Release|Any CPU
		{114CE6B5-CC95-4F72-817E-D65248FDF2DC}.Release|x64.ActiveCfg = Release|Any CPU
		{114CE6B5-CC95-4F72-817E-D65248FDF2DC}.Release|x64.Build.0 = Release|Any CPU
		{114CE6B5-CC95-4F72-817E-D65248FDF2DC}.Release|x64.Deploy.0 = Release|Any CPU
		{114CE6B5-CC95-4F72-817E-D65248FDF2DC}.Release|x86.ActiveCfg = Release|Any CPU
		{114CE6B5-CC95-4F72-817E-D65248FDF2DC}.Release|x86.Build.0 = Release|Any CPU
		{114CE6B5-CC95-4F72-817E-D65248FDF2DC}.Release|x86.Deploy.0 = Release|Any CPU
	EndGlobalSection
	GlobalSection(SolutionProperties) = preSolution
		HideSolutionNode = FALSE
	EndGlobalSection
	GlobalSection(ExtensibilityGlobals) = postSolution
		SolutionGuid = {6084A55B-4CA7-414F-993E-767E414277C2}
	EndGlobalSection
EndGlobal
