
Microsoft Visual Studio Solution File, Format Version 12.00
# Visual Studio 15
VisualStudioVersion = 15.0.28307.705
MinimumVisualStudioVersion = 10.0.40219.1
Project("{FAE04EC0-301F-11D3-BF4B-00C04F79EFBC}") = "ImageButton.Android", "ImageButton\ImageButton.Android\ImageButton.Android.csproj", "{018982AD-839D-4393-A03A-1785E1B4FDD2}"
EndProject
Project("{FAE04EC0-301F-11D3-BF4B-00C04F79EFBC}") = "ImageButton.iOS", "ImageButton\ImageButton.iOS\ImageButton.iOS.csproj", "{A4B9D0FC-BB77-473B-B31C-D83B15215231}"
EndProject
Project("{FAE04EC0-301F-11D3-BF4B-00C04F79EFBC}") = "ImageButton.UWP", "ImageButton\ImageButton.UWP\ImageButton.UWP.csproj", "{26BE8865-3D1A-45FB-B0AD-65EEAEEAB92B}"
EndProject
Project("{FAE04EC0-301F-11D3-BF4B-00C04F79EFBC}") = "ImageButton", "ImageButton\ImageButton\ImageButton.csproj", "{02A05103-D1D1-467F-8876-D4DF5EEBC45B}"
EndProject
Global
	GlobalSection(SolutionConfigurationPlatforms) = preSolution
		Ad-Hoc|Any CPU = Ad-Hoc|Any CPU
		Ad-Hoc|ARM = Ad-Hoc|ARM
		Ad-Hoc|iPhone = Ad-Hoc|iPhone
		Ad-Hoc|iPhoneSimulator = Ad-Hoc|iPhoneSimulator
		Ad-Hoc|x64 = Ad-Hoc|x64
		Ad-Hoc|x86 = Ad-Hoc|x86
		AppStore|Any CPU = AppStore|Any CPU
		AppStore|ARM = AppStore|ARM
		AppStore|iPhone = AppStore|iPhone
		AppStore|iPhoneSimulator = AppStore|iPhoneSimulator
		AppStore|x64 = AppStore|x64
		AppStore|x86 = AppStore|x86
		Debug|Any CPU = Debug|Any CPU
		Debug|ARM = Debug|ARM
		Debug|iPhone = Debug|iPhone
		Debug|iPhoneSimulator = Debug|iPhoneSimulator
		Debug|x64 = Debug|x64
		Debug|x86 = Debug|x86
		Release|Any CPU = Release|Any CPU
		Release|ARM = Release|ARM
		Release|iPhone = Release|iPhone
		Release|iPhoneSimulator = Release|iPhoneSimulator
		Release|x64 = Release|x64
		Release|x86 = Release|x86
	EndGlobalSection
	GlobalSection(ProjectConfigurationPlatforms) = postSolution
		{018982AD-839D-4393-A03A-1785E1B4FDD2}.Ad-Hoc|Any CPU.ActiveCfg = Release|Any CPU
		{018982AD-839D-4393-A03A-1785E1B4FDD2}.Ad-Hoc|Any CPU.Build.0 = Release|Any CPU
		{018982AD-839D-4393-A03A-1785E1B4FDD2}.Ad-Hoc|Any CPU.Deploy.0 = Release|Any CPU
		{018982AD-839D-4393-A03A-1785E1B4FDD2}.Ad-Hoc|ARM.ActiveCfg = Release|Any CPU
		{018982AD-839D-4393-A03A-1785E1B4FDD2}.Ad-Hoc|ARM.Build.0 = Release|Any CPU
		{018982AD-839D-4393-A03A-1785E1B4FDD2}.Ad-Hoc|ARM.Deploy.0 = Release|Any CPU
		{018982AD-839D-4393-A03A-1785E1B4FDD2}.Ad-Hoc|iPhone.ActiveCfg = Release|Any CPU
		{018982AD-839D-4393-A03A-1785E1B4FDD2}.Ad-Hoc|iPhone.Build.0 = Release|Any CPU
		{018982AD-839D-4393-A03A-1785E1B4FDD2}.Ad-Hoc|iPhone.Deploy.0 = Release|Any CPU
		{018982AD-839D-4393-A03A-1785E1B4FDD2}.Ad-Hoc|iPhoneSimulator.ActiveCfg = Release|Any CPU
		{018982AD-839D-4393-A03A-1785E1B4FDD2}.Ad-Hoc|iPhoneSimulator.Build.0 = Release|Any CPU
		{018982AD-839D-4393-A03A-1785E1B4FDD2}.Ad-Hoc|iPhoneSimulator.Deploy.0 = Release|Any CPU
		{018982AD-839D-4393-A03A-1785E1B4FDD2}.Ad-Hoc|x64.ActiveCfg = Release|Any CPU
		{018982AD-839D-4393-A03A-1785E1B4FDD2}.Ad-Hoc|x64.Build.0 = Release|Any CPU
		{018982AD-839D-4393-A03A-1785E1B4FDD2}.Ad-Hoc|x64.Deploy.0 = Release|Any CPU
		{018982AD-839D-4393-A03A-1785E1B4FDD2}.Ad-Hoc|x86.ActiveCfg = Release|Any CPU
		{018982AD-839D-4393-A03A-1785E1B4FDD2}.Ad-Hoc|x86.Build.0 = Release|Any CPU
		{018982AD-839D-4393-A03A-1785E1B4FDD2}.Ad-Hoc|x86.Deploy.0 = Release|Any CPU
		{018982AD-839D-4393-A03A-1785E1B4FDD2}.AppStore|Any CPU.ActiveCfg = Release|Any CPU
		{018982AD-839D-4393-A03A-1785E1B4FDD2}.AppStore|Any CPU.Build.0 = Release|Any CPU
		{018982AD-839D-4393-A03A-1785E1B4FDD2}.AppStore|Any CPU.Deploy.0 = Release|Any CPU
		{018982AD-839D-4393-A03A-1785E1B4FDD2}.AppStore|ARM.ActiveCfg = Release|Any CPU
		{018982AD-839D-4393-A03A-1785E1B4FDD2}.AppStore|ARM.Build.0 = Release|Any CPU
		{018982AD-839D-4393-A03A-1785E1B4FDD2}.AppStore|ARM.Deploy.0 = Release|Any CPU
		{018982AD-839D-4393-A03A-1785E1B4FDD2}.AppStore|iPhone.ActiveCfg = Release|Any CPU
		{018982AD-839D-4393-A03A-1785E1B4FDD2}.AppStore|iPhone.Build.0 = Release|Any CPU
		{018982AD-839D-4393-A03A-1785E1B4FDD2}.AppStore|iPhone.Deploy.0 = Release|Any CPU
		{018982AD-839D-4393-A03A-1785E1B4FDD2}.AppStore|iPhoneSimulator.ActiveCfg = Release|Any CPU
		{018982AD-839D-4393-A03A-1785E1B4FDD2}.AppStore|iPhoneSimulator.Build.0 = Release|Any CPU
		{018982AD-839D-4393-A03A-1785E1B4FDD2}.AppStore|iPhoneSimulator.Deploy.0 = Release|Any CPU
		{018982AD-839D-4393-A03A-1785E1B4FDD2}.AppStore|x64.ActiveCfg = Release|Any CPU
		{018982AD-839D-4393-A03A-1785E1B4FDD2}.AppStore|x64.Build.0 = Release|Any CPU
		{018982AD-839D-4393-A03A-1785E1B4FDD2}.AppStore|x64.Deploy.0 = Release|Any CPU
		{018982AD-839D-4393-A03A-1785E1B4FDD2}.AppStore|x86.ActiveCfg = Release|Any CPU
		{018982AD-839D-4393-A03A-1785E1B4FDD2}.AppStore|x86.Build.0 = Release|Any CPU
		{018982AD-839D-4393-A03A-1785E1B4FDD2}.AppStore|x86.Deploy.0 = Release|Any CPU
		{018982AD-839D-4393-A03A-1785E1B4FDD2}.Debug|Any CPU.ActiveCfg = Debug|Any CPU
		{018982AD-839D-4393-A03A-1785E1B4FDD2}.Debug|Any CPU.Build.0 = Debug|Any CPU
		{018982AD-839D-4393-A03A-1785E1B4FDD2}.Debug|Any CPU.Deploy.0 = Debug|Any CPU
		{018982AD-839D-4393-A03A-1785E1B4FDD2}.Debug|ARM.ActiveCfg = Debug|Any CPU
		{018982AD-839D-4393-A03A-1785E1B4FDD2}.Debug|ARM.Build.0 = Debug|Any CPU
		{018982AD-839D-4393-A03A-1785E1B4FDD2}.Debug|ARM.Deploy.0 = Debug|Any CPU
		{018982AD-839D-4393-A03A-1785E1B4FDD2}.Debug|iPhone.ActiveCfg = Debug|Any CPU
		{018982AD-839D-4393-A03A-1785E1B4FDD2}.Debug|iPhone.Build.0 = Debug|Any CPU
		{018982AD-839D-4393-A03A-1785E1B4FDD2}.Debug|iPhone.Deploy.0 = Debug|Any CPU
		{018982AD-839D-4393-A03A-1785E1B4FDD2}.Debug|iPhoneSimulator.ActiveCfg = Debug|Any CPU
		{018982AD-839D-4393-A03A-1785E1B4FDD2}.Debug|iPhoneSimulator.Build.0 = Debug|Any CPU
		{018982AD-839D-4393-A03A-1785E1B4FDD2}.Debug|iPhoneSimulator.Deploy.0 = Debug|Any CPU
		{018982AD-839D-4393-A03A-1785E1B4FDD2}.Debug|x64.ActiveCfg = Debug|Any CPU
		{018982AD-839D-4393-A03A-1785E1B4FDD2}.Debug|x64.Build.0 = Debug|Any CPU
		{018982AD-839D-4393-A03A-1785E1B4FDD2}.Debug|x64.Deploy.0 = Debug|Any CPU
		{018982AD-839D-4393-A03A-1785E1B4FDD2}.Debug|x86.ActiveCfg = Debug|Any CPU
		{018982AD-839D-4393-A03A-1785E1B4FDD2}.Debug|x86.Build.0 = Debug|Any CPU
		{018982AD-839D-4393-A03A-1785E1B4FDD2}.Debug|x86.Deploy.0 = Debug|Any CPU
		{018982AD-839D-4393-A03A-1785E1B4FDD2}.Release|Any CPU.ActiveCfg = Release|Any CPU
		{018982AD-839D-4393-A03A-1785E1B4FDD2}.Release|Any CPU.Build.0 = Release|Any CPU
		{018982AD-839D-4393-A03A-1785E1B4FDD2}.Release|Any CPU.Deploy.0 = Release|Any CPU
		{018982AD-839D-4393-A03A-1785E1B4FDD2}.Release|ARM.ActiveCfg = Release|Any CPU
		{018982AD-839D-4393-A03A-1785E1B4FDD2}.Release|ARM.Build.0 = Release|Any CPU
		{018982AD-839D-4393-A03A-1785E1B4FDD2}.Release|ARM.Deploy.0 = Release|Any CPU
		{018982AD-839D-4393-A03A-1785E1B4FDD2}.Release|iPhone.ActiveCfg = Release|Any CPU
		{018982AD-839D-4393-A03A-1785E1B4FDD2}.Release|iPhone.Build.0 = Release|Any CPU
		{018982AD-839D-4393-A03A-1785E1B4FDD2}.Release|iPhone.Deploy.0 = Release|Any CPU
		{018982AD-839D-4393-A03A-1785E1B4FDD2}.Release|iPhoneSimulator.ActiveCfg = Release|Any CPU
		{018982AD-839D-4393-A03A-1785E1B4FDD2}.Release|iPhoneSimulator.Build.0 = Release|Any CPU
		{018982AD-839D-4393-A03A-1785E1B4FDD2}.Release|iPhoneSimulator.Deploy.0 = Release|Any CPU
		{018982AD-839D-4393-A03A-1785E1B4FDD2}.Release|x64.ActiveCfg = Release|Any CPU
		{018982AD-839D-4393-A03A-1785E1B4FDD2}.Release|x64.Build.0 = Release|Any CPU
		{018982AD-839D-4393-A03A-1785E1B4FDD2}.Release|x64.Deploy.0 = Release|Any CPU
		{018982AD-839D-4393-A03A-1785E1B4FDD2}.Release|x86.ActiveCfg = Release|Any CPU
		{018982AD-839D-4393-A03A-1785E1B4FDD2}.Release|x86.Build.0 = Release|Any CPU
		{018982AD-839D-4393-A03A-1785E1B4FDD2}.Release|x86.Deploy.0 = Release|Any CPU
		{A4B9D0FC-BB77-473B-B31C-D83B15215231}.Ad-Hoc|Any CPU.ActiveCfg = Ad-Hoc|iPhone
		{A4B9D0FC-BB77-473B-B31C-D83B15215231}.Ad-Hoc|Any CPU.Build.0 = Ad-Hoc|iPhone
		{A4B9D0FC-BB77-473B-B31C-D83B15215231}.Ad-Hoc|Any CPU.Deploy.0 = Ad-Hoc|iPhone
		{A4B9D0FC-BB77-473B-B31C-D83B15215231}.Ad-Hoc|ARM.ActiveCfg = Ad-Hoc|iPhone
		{A4B9D0FC-BB77-473B-B31C-D83B15215231}.Ad-Hoc|ARM.Build.0 = Ad-Hoc|iPhone
		{A4B9D0FC-BB77-473B-B31C-D83B15215231}.Ad-Hoc|ARM.Deploy.0 = Ad-Hoc|iPhone
		{A4B9D0FC-BB77-473B-B31C-D83B15215231}.Ad-Hoc|iPhone.ActiveCfg = Ad-Hoc|iPhone
		{A4B9D0FC-BB77-473B-B31C-D83B15215231}.Ad-Hoc|iPhone.Build.0 = Ad-Hoc|iPhone
		{A4B9D0FC-BB77-473B-B31C-D83B15215231}.Ad-Hoc|iPhone.Deploy.0 = Ad-Hoc|iPhone
		{A4B9D0FC-BB77-473B-B31C-D83B15215231}.Ad-Hoc|iPhoneSimulator.ActiveCfg = Ad-Hoc|iPhoneSimulator
		{A4B9D0FC-BB77-473B-B31C-D83B15215231}.Ad-Hoc|iPhoneSimulator.Build.0 = Ad-Hoc|iPhoneSimulator
		{A4B9D0FC-BB77-473B-B31C-D83B15215231}.Ad-Hoc|iPhoneSimulator.Deploy.0 = Ad-Hoc|iPhoneSimulator
		{A4B9D0FC-BB77-473B-B31C-D83B15215231}.Ad-Hoc|x64.ActiveCfg = Ad-Hoc|iPhone
		{A4B9D0FC-BB77-473B-B31C-D83B15215231}.Ad-Hoc|x64.Build.0 = Ad-Hoc|iPhone
		{A4B9D0FC-BB77-473B-B31C-D83B15215231}.Ad-Hoc|x64.Deploy.0 = Ad-Hoc|iPhone
		{A4B9D0FC-BB77-473B-B31C-D83B15215231}.Ad-Hoc|x86.ActiveCfg = Ad-Hoc|iPhone
		{A4B9D0FC-BB77-473B-B31C-D83B15215231}.Ad-Hoc|x86.Build.0 = Ad-Hoc|iPhone
		{A4B9D0FC-BB77-473B-B31C-D83B15215231}.Ad-Hoc|x86.Deploy.0 = Ad-Hoc|iPhone
		{A4B9D0FC-BB77-473B-B31C-D83B15215231}.AppStore|Any CPU.ActiveCfg = AppStore|iPhone
		{A4B9D0FC-BB77-473B-B31C-D83B15215231}.AppStore|Any CPU.Build.0 = AppStore|iPhone
		{A4B9D0FC-BB77-473B-B31C-D83B15215231}.AppStore|Any CPU.Deploy.0 = AppStore|iPhone
		{A4B9D0FC-BB77-473B-B31C-D83B15215231}.AppStore|ARM.ActiveCfg = AppStore|iPhone
		{A4B9D0FC-BB77-473B-B31C-D83B15215231}.AppStore|ARM.Build.0 = AppStore|iPhone
		{A4B9D0FC-BB77-473B-B31C-D83B15215231}.AppStore|ARM.Deploy.0 = AppStore|iPhone
		{A4B9D0FC-BB77-473B-B31C-D83B15215231}.AppStore|iPhone.ActiveCfg = AppStore|iPhone
		{A4B9D0FC-BB77-473B-B31C-D83B15215231}.AppStore|iPhone.Build.0 = AppStore|iPhone
		{A4B9D0FC-BB77-473B-B31C-D83B15215231}.AppStore|iPhone.Deploy.0 = AppStore|iPhone
		{A4B9D0FC-BB77-473B-B31C-D83B15215231}.AppStore|iPhoneSimulator.ActiveCfg = AppStore|iPhoneSimulator
		{A4B9D0FC-BB77-473B-B31C-D83B15215231}.AppStore|iPhoneSimulator.Build.0 = AppStore|iPhoneSimulator
		{A4B9D0FC-BB77-473B-B31C-D83B15215231}.AppStore|iPhoneSimulator.Deploy.0 = AppStore|iPhoneSimulator
		{A4B9D0FC-BB77-473B-B31C-D83B15215231}.AppStore|x64.ActiveCfg = AppStore|iPhone
		{A4B9D0FC-BB77-473B-B31C-D83B15215231}.AppStore|x64.Build.0 = AppStore|iPhone
		{A4B9D0FC-BB77-473B-B31C-D83B15215231}.AppStore|x64.Deploy.0 = AppStore|iPhone
		{A4B9D0FC-BB77-473B-B31C-D83B15215231}.AppStore|x86.ActiveCfg = AppStore|iPhone
		{A4B9D0FC-BB77-473B-B31C-D83B15215231}.AppStore|x86.Build.0 = AppStore|iPhone
		{A4B9D0FC-BB77-473B-B31C-D83B15215231}.AppStore|x86.Deploy.0 = AppStore|iPhone
		{A4B9D0FC-BB77-473B-B31C-D83B15215231}.Debug|Any CPU.ActiveCfg = Debug|iPhoneSimulator
		{A4B9D0FC-BB77-473B-B31C-D83B15215231}.Debug|Any CPU.Build.0 = Debug|iPhoneSimulator
		{A4B9D0FC-BB77-473B-B31C-D83B15215231}.Debug|Any CPU.Deploy.0 = Debug|iPhoneSimulator
		{A4B9D0FC-BB77-473B-B31C-D83B15215231}.Debug|ARM.ActiveCfg = Debug|iPhone
		{A4B9D0FC-BB77-473B-B31C-D83B15215231}.Debug|ARM.Build.0 = Debug|iPhone
		{A4B9D0FC-BB77-473B-B31C-D83B15215231}.Debug|ARM.Deploy.0 = Debug|iPhone
		{A4B9D0FC-BB77-473B-B31C-D83B15215231}.Debug|iPhone.ActiveCfg = Debug|iPhone
		{A4B9D0FC-BB77-473B-B31C-D83B15215231}.Debug|iPhone.Build.0 = Debug|iPhone
		{A4B9D0FC-BB77-473B-B31C-D83B15215231}.Debug|iPhone.Deploy.0 = Debug|iPhone
		{A4B9D0FC-BB77-473B-B31C-D83B15215231}.Debug|iPhoneSimulator.ActiveCfg = Debug|iPhoneSimulator
		{A4B9D0FC-BB77-473B-B31C-D83B15215231}.Debug|iPhoneSimulator.Build.0 = Debug|iPhoneSimulator
		{A4B9D0FC-BB77-473B-B31C-D83B15215231}.Debug|iPhoneSimulator.Deploy.0 = Debug|iPhoneSimulator
		{A4B9D0FC-BB77-473B-B31C-D83B15215231}.Debug|x64.ActiveCfg = Debug|iPhone
		{A4B9D0FC-BB77-473B-B31C-D83B15215231}.Debug|x64.Build.0 = Debug|iPhone
		{A4B9D0FC-BB77-473B-B31C-D83B15215231}.Debug|x64.Deploy.0 = Debug|iPhone
		{A4B9D0FC-BB77-473B-B31C-D83B15215231}.Debug|x86.ActiveCfg = Debug|iPhone
		{A4B9D0FC-BB77-473B-B31C-D83B15215231}.Debug|x86.Build.0 = Debug|iPhone
		{A4B9D0FC-BB77-473B-B31C-D83B15215231}.Debug|x86.Deploy.0 = Debug|iPhone
		{A4B9D0FC-BB77-473B-B31C-D83B15215231}.Release|Any CPU.ActiveCfg = Release|iPhone
		{A4B9D0FC-BB77-473B-B31C-D83B15215231}.Release|Any CPU.Build.0 = Release|iPhone
		{A4B9D0FC-BB77-473B-B31C-D83B15215231}.Release|Any CPU.Deploy.0 = Release|iPhone
		{A4B9D0FC-BB77-473B-B31C-D83B15215231}.Release|ARM.ActiveCfg = Release|iPhone
		{A4B9D0FC-BB77-473B-B31C-D83B15215231}.Release|ARM.Build.0 = Release|iPhone
		{A4B9D0FC-BB77-473B-B31C-D83B15215231}.Release|ARM.Deploy.0 = Release|iPhone
		{A4B9D0FC-BB77-473B-B31C-D83B15215231}.Release|iPhone.ActiveCfg = Release|iPhone
		{A4B9D0FC-BB77-473B-B31C-D83B15215231}.Release|iPhone.Build.0 = Release|iPhone
		{A4B9D0FC-BB77-473B-B31C-D83B15215231}.Release|iPhone.Deploy.0 = Release|iPhone
		{A4B9D0FC-BB77-473B-B31C-D83B15215231}.Release|iPhoneSimulator.ActiveCfg = Release|iPhoneSimulator
		{A4B9D0FC-BB77-473B-B31C-D83B15215231}.Release|iPhoneSimulator.Build.0 = Release|iPhoneSimulator
		{A4B9D0FC-BB77-473B-B31C-D83B15215231}.Release|iPhoneSimulator.Deploy.0 = Release|iPhoneSimulator
		{A4B9D0FC-BB77-473B-B31C-D83B15215231}.Release|x64.ActiveCfg = Release|iPhone
		{A4B9D0FC-BB77-473B-B31C-D83B15215231}.Release|x64.Build.0 = Release|iPhone
		{A4B9D0FC-BB77-473B-B31C-D83B15215231}.Release|x64.Deploy.0 = Release|iPhone
		{A4B9D0FC-BB77-473B-B31C-D83B15215231}.Release|x86.ActiveCfg = Release|iPhone
		{A4B9D0FC-BB77-473B-B31C-D83B15215231}.Release|x86.Build.0 = Release|iPhone
		{A4B9D0FC-BB77-473B-B31C-D83B15215231}.Release|x86.Deploy.0 = Release|iPhone
		{26BE8865-3D1A-45FB-B0AD-65EEAEEAB92B}.Ad-Hoc|Any CPU.ActiveCfg = Release|x86
		{26BE8865-3D1A-45FB-B0AD-65EEAEEAB92B}.Ad-Hoc|Any CPU.Build.0 = Release|x86
		{26BE8865-3D1A-45FB-B0AD-65EEAEEAB92B}.Ad-Hoc|Any CPU.Deploy.0 = Release|x86
		{26BE8865-3D1A-45FB-B0AD-65EEAEEAB92B}.Ad-Hoc|ARM.ActiveCfg = Release|ARM
		{26BE8865-3D1A-45FB-B0AD-65EEAEEAB92B}.Ad-Hoc|ARM.Build.0 = Release|ARM
		{26BE8865-3D1A-45FB-B0AD-65EEAEEAB92B}.Ad-Hoc|ARM.Deploy.0 = Release|ARM
		{26BE8865-3D1A-45FB-B0AD-65EEAEEAB92B}.Ad-Hoc|iPhone.ActiveCfg = Release|x86
		{26BE8865-3D1A-45FB-B0AD-65EEAEEAB92B}.Ad-Hoc|iPhone.Build.0 = Release|x86
		{26BE8865-3D1A-45FB-B0AD-65EEAEEAB92B}.Ad-Hoc|iPhone.Deploy.0 = Release|x86
		{26BE8865-3D1A-45FB-B0AD-65EEAEEAB92B}.Ad-Hoc|iPhoneSimulator.ActiveCfg = Release|x86
		{26BE8865-3D1A-45FB-B0AD-65EEAEEAB92B}.Ad-Hoc|iPhoneSimulator.Build.0 = Release|x86
		{26BE8865-3D1A-45FB-B0AD-65EEAEEAB92B}.Ad-Hoc|iPhoneSimulator.Deploy.0 = Release|x86
		{26BE8865-3D1A-45FB-B0AD-65EEAEEAB92B}.Ad-Hoc|x64.ActiveCfg = Release|x64
		{26BE8865-3D1A-45FB-B0AD-65EEAEEAB92B}.Ad-Hoc|x64.Build.0 = Release|x64
		{26BE8865-3D1A-45FB-B0AD-65EEAEEAB92B}.Ad-Hoc|x64.Deploy.0 = Release|x64
		{26BE8865-3D1A-45FB-B0AD-65EEAEEAB92B}.Ad-Hoc|x86.ActiveCfg = Release|x86
		{26BE8865-3D1A-45FB-B0AD-65EEAEEAB92B}.Ad-Hoc|x86.Build.0 = Release|x86
		{26BE8865-3D1A-45FB-B0AD-65EEAEEAB92B}.Ad-Hoc|x86.Deploy.0 = Release|x86
		{26BE8865-3D1A-45FB-B0AD-65EEAEEAB92B}.AppStore|Any CPU.ActiveCfg = Release|x86
		{26BE8865-3D1A-45FB-B0AD-65EEAEEAB92B}.AppStore|Any CPU.Build.0 = Release|x86
		{26BE8865-3D1A-45FB-B0AD-65EEAEEAB92B}.AppStore|Any CPU.Deploy.0 = Release|x86
		{26BE8865-3D1A-45FB-B0AD-65EEAEEAB92B}.AppStore|ARM.ActiveCfg = Release|ARM
		{26BE8865-3D1A-45FB-B0AD-65EEAEEAB92B}.AppStore|ARM.Build.0 = Release|ARM
		{26BE8865-3D1A-45FB-B0AD-65EEAEEAB92B}.AppStore|ARM.Deploy.0 = Release|ARM
		{26BE8865-3D1A-45FB-B0AD-65EEAEEAB92B}.AppStore|iPhone.ActiveCfg = Release|x86
		{26BE8865-3D1A-45FB-B0AD-65EEAEEAB92B}.AppStore|iPhone.Build.0 = Release|x86
		{26BE8865-3D1A-45FB-B0AD-65EEAEEAB92B}.AppStore|iPhone.Deploy.0 = Release|x86
		{26BE8865-3D1A-45FB-B0AD-65EEAEEAB92B}.AppStore|iPhoneSimulator.ActiveCfg = Release|x86
		{26BE8865-3D1A-45FB-B0AD-65EEAEEAB92B}.AppStore|iPhoneSimulator.Build.0 = Release|x86
		{26BE8865-3D1A-45FB-B0AD-65EEAEEAB92B}.AppStore|iPhoneSimulator.Deploy.0 = Release|x86
		{26BE8865-3D1A-45FB-B0AD-65EEAEEAB92B}.AppStore|x64.ActiveCfg = Release|x64
		{26BE8865-3D1A-45FB-B0AD-65EEAEEAB92B}.AppStore|x64.Build.0 = Release|x64
		{26BE8865-3D1A-45FB-B0AD-65EEAEEAB92B}.AppStore|x64.Deploy.0 = Release|x64
		{26BE8865-3D1A-45FB-B0AD-65EEAEEAB92B}.AppStore|x86.ActiveCfg = Release|x86
		{26BE8865-3D1A-45FB-B0AD-65EEAEEAB92B}.AppStore|x86.Build.0 = Release|x86
		{26BE8865-3D1A-45FB-B0AD-65EEAEEAB92B}.AppStore|x86.Deploy.0 = Release|x86
		{26BE8865-3D1A-45FB-B0AD-65EEAEEAB92B}.Debug|Any CPU.ActiveCfg = Debug|x86
		{26BE8865-3D1A-45FB-B0AD-65EEAEEAB92B}.Debug|Any CPU.Build.0 = Debug|x86
		{26BE8865-3D1A-45FB-B0AD-65EEAEEAB92B}.Debug|Any CPU.Deploy.0 = Debug|x86
		{26BE8865-3D1A-45FB-B0AD-65EEAEEAB92B}.Debug|ARM.ActiveCfg = Debug|ARM
		{26BE8865-3D1A-45FB-B0AD-65EEAEEAB92B}.Debug|ARM.Build.0 = Debug|ARM
		{26BE8865-3D1A-45FB-B0AD-65EEAEEAB92B}.Debug|ARM.Deploy.0 = Debug|ARM
		{26BE8865-3D1A-45FB-B0AD-65EEAEEAB92B}.Debug|iPhone.ActiveCfg = Debug|x86
		{26BE8865-3D1A-45FB-B0AD-65EEAEEAB92B}.Debug|iPhone.Build.0 = Debug|x86
		{26BE8865-3D1A-45FB-B0AD-65EEAEEAB92B}.Debug|iPhone.Deploy.0 = Debug|x86
		{26BE8865-3D1A-45FB-B0AD-65EEAEEAB92B}.Debug|iPhoneSimulator.ActiveCfg = Debug|x86
		{26BE8865-3D1A-45FB-B0AD-65EEAEEAB92B}.Debug|iPhoneSimulator.Build.0 = Debug|x86
		{26BE8865-3D1A-45FB-B0AD-65EEAEEAB92B}.Debug|iPhoneSimulator.Deploy.0 = Debug|x86
		{26BE8865-3D1A-45FB-B0AD-65EEAEEAB92B}.Debug|x64.ActiveCfg = Debug|x64
		{26BE8865-3D1A-45FB-B0AD-65EEAEEAB92B}.Debug|x64.Build.0 = Debug|x64
		{26BE8865-3D1A-45FB-B0AD-65EEAEEAB92B}.Debug|x64.Deploy.0 = Debug|x64
		{26BE8865-3D1A-45FB-B0AD-65EEAEEAB92B}.Debug|x86.ActiveCfg = Debug|x86
		{26BE8865-3D1A-45FB-B0AD-65EEAEEAB92B}.Debug|x86.Build.0 = Debug|x86
		{26BE8865-3D1A-45FB-B0AD-65EEAEEAB92B}.Debug|x86.Deploy.0 = Debug|x86
		{26BE8865-3D1A-45FB-B0AD-65EEAEEAB92B}.Release|Any CPU.ActiveCfg = Release|x86
		{26BE8865-3D1A-45FB-B0AD-65EEAEEAB92B}.Release|Any CPU.Build.0 = Release|x86
		{26BE8865-3D1A-45FB-B0AD-65EEAEEAB92B}.Release|Any CPU.Deploy.0 = Release|x86
		{26BE8865-3D1A-45FB-B0AD-65EEAEEAB92B}.Release|ARM.ActiveCfg = Release|ARM
		{26BE8865-3D1A-45FB-B0AD-65EEAEEAB92B}.Release|ARM.Build.0 = Release|ARM
		{26BE8865-3D1A-45FB-B0AD-65EEAEEAB92B}.Release|ARM.Deploy.0 = Release|ARM
		{26BE8865-3D1A-45FB-B0AD-65EEAEEAB92B}.Release|iPhone.ActiveCfg = Release|x86
		{26BE8865-3D1A-45FB-B0AD-65EEAEEAB92B}.Release|iPhone.Build.0 = Release|x86
		{26BE8865-3D1A-45FB-B0AD-65EEAEEAB92B}.Release|iPhone.Deploy.0 = Release|x86
		{26BE8865-3D1A-45FB-B0AD-65EEAEEAB92B}.Release|iPhoneSimulator.ActiveCfg = Release|x86
		{26BE8865-3D1A-45FB-B0AD-65EEAEEAB92B}.Release|iPhoneSimulator.Build.0 = Release|x86
		{26BE8865-3D1A-45FB-B0AD-65EEAEEAB92B}.Release|iPhoneSimulator.Deploy.0 = Release|x86
		{26BE8865-3D1A-45FB-B0AD-65EEAEEAB92B}.Release|x64.ActiveCfg = Release|x64
		{26BE8865-3D1A-45FB-B0AD-65EEAEEAB92B}.Release|x64.Build.0 = Release|x64
		{26BE8865-3D1A-45FB-B0AD-65EEAEEAB92B}.Release|x64.Deploy.0 = Release|x64
		{26BE8865-3D1A-45FB-B0AD-65EEAEEAB92B}.Release|x86.ActiveCfg = Release|x86
		{26BE8865-3D1A-45FB-B0AD-65EEAEEAB92B}.Release|x86.Build.0 = Release|x86
		{26BE8865-3D1A-45FB-B0AD-65EEAEEAB92B}.Release|x86.Deploy.0 = Release|x86
		{02A05103-D1D1-467F-8876-D4DF5EEBC45B}.Ad-Hoc|Any CPU.ActiveCfg = Debug|Any CPU
		{02A05103-D1D1-467F-8876-D4DF5EEBC45B}.Ad-Hoc|Any CPU.Build.0 = Debug|Any CPU
		{02A05103-D1D1-467F-8876-D4DF5EEBC45B}.Ad-Hoc|Any CPU.Deploy.0 = Debug|Any CPU
		{02A05103-D1D1-467F-8876-D4DF5EEBC45B}.Ad-Hoc|ARM.ActiveCfg = Debug|Any CPU
		{02A05103-D1D1-467F-8876-D4DF5EEBC45B}.Ad-Hoc|ARM.Build.0 = Debug|Any CPU
		{02A05103-D1D1-467F-8876-D4DF5EEBC45B}.Ad-Hoc|ARM.Deploy.0 = Debug|Any CPU
		{02A05103-D1D1-467F-8876-D4DF5EEBC45B}.Ad-Hoc|iPhone.ActiveCfg = Debug|Any CPU
		{02A05103-D1D1-467F-8876-D4DF5EEBC45B}.Ad-Hoc|iPhone.Build.0 = Debug|Any CPU
		{02A05103-D1D1-467F-8876-D4DF5EEBC45B}.Ad-Hoc|iPhone.Deploy.0 = Debug|Any CPU
		{02A05103-D1D1-467F-8876-D4DF5EEBC45B}.Ad-Hoc|iPhoneSimulator.ActiveCfg = Debug|Any CPU
		{02A05103-D1D1-467F-8876-D4DF5EEBC45B}.Ad-Hoc|iPhoneSimulator.Build.0 = Debug|Any CPU
		{02A05103-D1D1-467F-8876-D4DF5EEBC45B}.Ad-Hoc|iPhoneSimulator.Deploy.0 = Debug|Any CPU
		{02A05103-D1D1-467F-8876-D4DF5EEBC45B}.Ad-Hoc|x64.ActiveCfg = Debug|Any CPU
		{02A05103-D1D1-467F-8876-D4DF5EEBC45B}.Ad-Hoc|x64.Build.0 = Debug|Any CPU
		{02A05103-D1D1-467F-8876-D4DF5EEBC45B}.Ad-Hoc|x64.Deploy.0 = Debug|Any CPU
		{02A05103-D1D1-467F-8876-D4DF5EEBC45B}.Ad-Hoc|x86.ActiveCfg = Debug|Any CPU
		{02A05103-D1D1-467F-8876-D4DF5EEBC45B}.Ad-Hoc|x86.Build.0 = Debug|Any CPU
		{02A05103-D1D1-467F-8876-D4DF5EEBC45B}.Ad-Hoc|x86.Deploy.0 = Debug|Any CPU
		{02A05103-D1D1-467F-8876-D4DF5EEBC45B}.AppStore|Any CPU.ActiveCfg = Debug|Any CPU
		{02A05103-D1D1-467F-8876-D4DF5EEBC45B}.AppStore|Any CPU.Build.0 = Debug|Any CPU
		{02A05103-D1D1-467F-8876-D4DF5EEBC45B}.AppStore|Any CPU.Deploy.0 = Debug|Any CPU
		{02A05103-D1D1-467F-8876-D4DF5EEBC45B}.AppStore|ARM.ActiveCfg = Debug|Any CPU
		{02A05103-D1D1-467F-8876-D4DF5EEBC45B}.AppStore|ARM.Build.0 = Debug|Any CPU
		{02A05103-D1D1-467F-8876-D4DF5EEBC45B}.AppStore|ARM.Deploy.0 = Debug|Any CPU
		{02A05103-D1D1-467F-8876-D4DF5EEBC45B}.AppStore|iPhone.ActiveCfg = Debug|Any CPU
		{02A05103-D1D1-467F-8876-D4DF5EEBC45B}.AppStore|iPhone.Build.0 = Debug|Any CPU
		{02A05103-D1D1-467F-8876-D4DF5EEBC45B}.AppStore|iPhone.Deploy.0 = Debug|Any CPU
		{02A05103-D1D1-467F-8876-D4DF5EEBC45B}.AppStore|iPhoneSimulator.ActiveCfg = Debug|Any CPU
		{02A05103-D1D1-467F-8876-D4DF5EEBC45B}.AppStore|iPhoneSimulator.Build.0 = Debug|Any CPU
		{02A05103-D1D1-467F-8876-D4DF5EEBC45B}.AppStore|iPhoneSimulator.Deploy.0 = Debug|Any CPU
		{02A05103-D1D1-467F-8876-D4DF5EEBC45B}.AppStore|x64.ActiveCfg = Debug|Any CPU
		{02A05103-D1D1-467F-8876-D4DF5EEBC45B}.AppStore|x64.Build.0 = Debug|Any CPU
		{02A05103-D1D1-467F-8876-D4DF5EEBC45B}.AppStore|x64.Deploy.0 = Debug|Any CPU
		{02A05103-D1D1-467F-8876-D4DF5EEBC45B}.AppStore|x86.ActiveCfg = Debug|Any CPU
		{02A05103-D1D1-467F-8876-D4DF5EEBC45B}.AppStore|x86.Build.0 = Debug|Any CPU
		{02A05103-D1D1-467F-8876-D4DF5EEBC45B}.AppStore|x86.Deploy.0 = Debug|Any CPU
		{02A05103-D1D1-467F-8876-D4DF5EEBC45B}.Debug|Any CPU.ActiveCfg = Debug|Any CPU
		{02A05103-D1D1-467F-8876-D4DF5EEBC45B}.Debug|Any CPU.Build.0 = Debug|Any CPU
		{02A05103-D1D1-467F-8876-D4DF5EEBC45B}.Debug|Any CPU.Deploy.0 = Debug|Any CPU
		{02A05103-D1D1-467F-8876-D4DF5EEBC45B}.Debug|ARM.ActiveCfg = Debug|Any CPU
		{02A05103-D1D1-467F-8876-D4DF5EEBC45B}.Debug|ARM.Build.0 = Debug|Any CPU
		{02A05103-D1D1-467F-8876-D4DF5EEBC45B}.Debug|ARM.Deploy.0 = Debug|Any CPU
		{02A05103-D1D1-467F-8876-D4DF5EEBC45B}.Debug|iPhone.ActiveCfg = Debug|Any CPU
		{02A05103-D1D1-467F-8876-D4DF5EEBC45B}.Debug|iPhone.Build.0 = Debug|Any CPU
		{02A05103-D1D1-467F-8876-D4DF5EEBC45B}.Debug|iPhone.Deploy.0 = Debug|Any CPU
		{02A05103-D1D1-467F-8876-D4DF5EEBC45B}.Debug|iPhoneSimulator.ActiveCfg = Debug|Any CPU
		{02A05103-D1D1-467F-8876-D4DF5EEBC45B}.Debug|iPhoneSimulator.Build.0 = Debug|Any CPU
		{02A05103-D1D1-467F-8876-D4DF5EEBC45B}.Debug|iPhoneSimulator.Deploy.0 = Debug|Any CPU
		{02A05103-D1D1-467F-8876-D4DF5EEBC45B}.Debug|x64.ActiveCfg = Debug|Any CPU
		{02A05103-D1D1-467F-8876-D4DF5EEBC45B}.Debug|x64.Build.0 = Debug|Any CPU
		{02A05103-D1D1-467F-8876-D4DF5EEBC45B}.Debug|x64.Deploy.0 = Debug|Any CPU
		{02A05103-D1D1-467F-8876-D4DF5EEBC45B}.Debug|x86.ActiveCfg = Debug|Any CPU
		{02A05103-D1D1-467F-8876-D4DF5EEBC45B}.Debug|x86.Build.0 = Debug|Any CPU
		{02A05103-D1D1-467F-8876-D4DF5EEBC45B}.Debug|x86.Deploy.0 = Debug|Any CPU
		{02A05103-D1D1-467F-8876-D4DF5EEBC45B}.Release|Any CPU.ActiveCfg = Release|Any CPU
		{02A05103-D1D1-467F-8876-D4DF5EEBC45B}.Release|Any CPU.Build.0 = Release|Any CPU
		{02A05103-D1D1-467F-8876-D4DF5EEBC45B}.Release|Any CPU.Deploy.0 = Release|Any CPU
		{02A05103-D1D1-467F-8876-D4DF5EEBC45B}.Release|ARM.ActiveCfg = Release|Any CPU
		{02A05103-D1D1-467F-8876-D4DF5EEBC45B}.Release|ARM.Build.0 = Release|Any CPU
		{02A05103-D1D1-467F-8876-D4DF5EEBC45B}.Release|ARM.Deploy.0 = Release|Any CPU
		{02A05103-D1D1-467F-8876-D4DF5EEBC45B}.Release|iPhone.ActiveCfg = Release|Any CPU
		{02A05103-D1D1-467F-8876-D4DF5EEBC45B}.Release|iPhone.Build.0 = Release|Any CPU
		{02A05103-D1D1-467F-8876-D4DF5EEBC45B}.Release|iPhone.Deploy.0 = Release|Any CPU
		{02A05103-D1D1-467F-8876-D4DF5EEBC45B}.Release|iPhoneSimulator.ActiveCfg = Release|Any CPU
		{02A05103-D1D1-467F-8876-D4DF5EEBC45B}.Release|iPhoneSimulator.Build.0 = Release|Any CPU
		{02A05103-D1D1-467F-8876-D4DF5EEBC45B}.Release|iPhoneSimulator.Deploy.0 = Release|Any CPU
		{02A05103-D1D1-467F-8876-D4DF5EEBC45B}.Release|x64.ActiveCfg = Release|Any CPU
		{02A05103-D1D1-467F-8876-D4DF5EEBC45B}.Release|x64.Build.0 = Release|Any CPU
		{02A05103-D1D1-467F-8876-D4DF5EEBC45B}.Release|x64.Deploy.0 = Release|Any CPU
		{02A05103-D1D1-467F-8876-D4DF5EEBC45B}.Release|x86.ActiveCfg = Release|Any CPU
		{02A05103-D1D1-467F-8876-D4DF5EEBC45B}.Release|x86.Build.0 = Release|Any CPU
		{02A05103-D1D1-467F-8876-D4DF5EEBC45B}.Release|x86.Deploy.0 = Release|Any CPU
	EndGlobalSection
	GlobalSection(SolutionProperties) = preSolution
		HideSolutionNode = FALSE
	EndGlobalSection
	GlobalSection(ExtensibilityGlobals) = postSolution
		SolutionGuid = {69E79C6C-F34C-4609-8F0A-C07254B3E3F5}
	EndGlobalSection
EndGlobal
